
Microsoft Visual Studio Solution File, Format Version 12.00
# Visual Studio Version 16
VisualStudioVersion = 16.0.29905.134
MinimumVisualStudioVersion = 10.0.40219.1
Project("{FAE04EC0-301F-11D3-BF4B-00C04F79EFBC}") = "Yi_Jing_App", "Yi_Jing_App.csproj", "{16CB96DC-6D44-48C6-89E6-966CEBBFAC67}"
EndProject
Global
	GlobalSection(SolutionConfigurationPlatforms) = preSolution
		Debug|Any CPU = Debug|Any CPU
		Release|Any CPU = Release|Any CPU
	EndGlobalSection
	GlobalSection(ProjectConfigurationPlatforms) = postSolution
		{16CB96DC-6D44-48C6-89E6-966CEBBFAC67}.Debug|Any CPU.ActiveCfg = Debug|Any CPU
		{16CB96DC-6D44-48C6-89E6-966CEBBFAC67}.Debug|Any CPU.Build.0 = Debug|Any CPU
		{16CB96DC-6D44-48C6-89E6-966CEBBFAC67}.Release|Any CPU.ActiveCfg = Release|Any CPU
		{16CB96DC-6D44-48C6-89E6-966CEBBFAC67}.Release|Any CPU.Build.0 = Release|Any CPU
	EndGlobalSection
	GlobalSection(SolutionProperties) = preSolution
		HideSolutionNode = FALSE
	EndGlobalSection
	GlobalSection(ExtensibilityGlobals) = postSolution
		SolutionGuid = {BE6058CF-6FF5-4682-BDE7-3B248CF08EB9}
	EndGlobalSection
EndGlobal
